
Microsoft Visual Studio Solution File, Format Version 12.00
# Visual Studio Version 17
VisualStudioVersion = 17.14.36915.13 d17.14
MinimumVisualStudioVersion = 10.0.40219.1
Project("{FAE04EC0-301F-11D3-BF4B-00C04F79EFBC}") = "ascii_terminal_game", "ascii_terminal_game.csproj", "{AC46E572-61A4-4BB0-A610-16EA8198D62A}"
EndProject
Global
	GlobalSection(SolutionConfigurationPlatforms) = preSolution
		Debug|Any CPU = Debug|Any CPU
		Release|Any CPU = Release|Any CPU
	EndGlobalSection
	GlobalSection(ProjectConfigurationPlatforms) = postSolution
		{AC46E572-61A4-4BB0-A610-16EA8198D62A}.Debug|Any CPU.ActiveCfg = Debug|Any CPU
		{AC46E572-61A4-4BB0-A610-16EA8198D62A}.Debug|Any CPU.Build.0 = Debug|Any CPU
		{AC46E572-61A4-4BB0-A610-16EA8198D62A}.Release|Any CPU.ActiveCfg = Release|Any CPU
		{AC46E572-61A4-4BB0-A610-16EA8198D62A}.Release|Any CPU.Build.0 = Release|Any CPU
	EndGlobalSection
	GlobalSection(SolutionProperties) = preSolution
		HideSolutionNode = FALSE
	EndGlobalSection
	GlobalSection(ExtensibilityGlobals) = postSolution
		SolutionGuid = {99706E88-3FD6-489B-9C51-380A57D36F30}
	EndGlobalSection
EndGlobal
